{
  "name": "shubox.js",
  "version": "0.2.0",
  "lockfileVersion": 3,
  "requires": true,
  "packages": {
    "": {
      "name": "shubox.js",
      "version": "0.2.0",
      "license": "MIT",
      "workspaces": [
        "packages/core",
        "packages/examples"
      ],
      "devDependencies": {
        "typescript": "^5.3.3"
      }
    },
    "node_modules/@shubox/core": {
      "resolved": "packages/core",
      "link": true
    },
    "node_modules/@shubox/examples": {
      "resolved": "packages/examples",
      "link": true
    },
    "node_modules/@types/dom-mediacapture-record": {
      "version": "1.0.19",
      "resolved": "https://registry.npmjs.org/@types/dom-mediacapture-record/-/dom-mediacapture-record-1.0.19.tgz",
      "integrity": "sha512-Cz/85z3YTuUPnXrOp5MvSZZSgDkWTWvj1HgE7MWc5C8d/w/soJBXjnAoYDl4P5gmenDNNZkhXzNylGqxS1FzOw==",
      "dev": true
    },
    "node_modules/@types/dropzone": {
      "version": "5.7.8",
      "resolved": "https://registry.npmjs.org/@types/dropzone/-/dropzone-5.7.8.tgz",
      "integrity": "sha512-+L0/KRMuB8cIiCe5AfF448nGMpY+gHiSakqsqT3plEIfgqSV+gcVs1AkngM9zZG8hi6lgMxy4iYEuGXXmqjYvg==",
      "dev": true,
      "dependencies": {
        "@types/jquery": "*"
      }
    },
    "node_modules/@types/jquery": {
      "version": "3.5.29",
      "resolved": "https://registry.npmjs.org/@types/jquery/-/jquery-3.5.29.tgz",
      "integrity": "sha512-oXQQC9X9MOPRrMhPHHOsXqeQDnWeCDT3PelUIg/Oy8FAbzSZtFHRjc7IpbfFVmpLtJ+UOoywpRsuO5Jxjybyeg==",
      "dev": true,
      "dependencies": {
        "@types/sizzle": "*"
      }
    },
    "node_modules/@types/sizzle": {
      "version": "2.3.8",
      "resolved": "https://registry.npmjs.org/@types/sizzle/-/sizzle-2.3.8.tgz",
      "integrity": "sha512-0vWLNK2D5MT9dg0iOo8GlKguPAU02QjmZitPEsXRuJXU/OGIOt9vT9Fc26wtYuavLxtO45v9PGleoL9Z0k1LHg==",
      "dev": true
    },
    "node_modules/dropzone": {
      "version": "5.5.1",
      "resolved": "https://registry.npmjs.org/dropzone/-/dropzone-5.5.1.tgz",
      "integrity": "sha512-3VduRWLxx9hbVr42QieQN25mx/I61/mRdUSuxAmDGdDqZIN8qtP7tcKMa3KfpJjuGjOJGYYUzzeq6eGDnkzesA=="
    },
    "node_modules/typescript": {
      "version": "5.3.3",
      "resolved": "https://registry.npmjs.org/typescript/-/typescript-5.3.3.tgz",
      "integrity": "sha512-pXWcraxM0uxAS+tN0AG/BF2TyqmHO014Z070UsJ+pFvYuRSq8KH8DmWpnbXe0pEPDHXZV3FcAbJkijJ5oNEnWw==",
      "dev": true,
      "bin": {
        "tsc": "bin/tsc",
        "tsserver": "bin/tsserver"
      },
      "engines": {
        "node": ">=14.17"
      }
    },
    "packages/core": {
      "name": "@shubox/core",
      "version": "0.5.1",
      "license": "MIT",
      "dependencies": {
        "dropzone": "5.5.1"
      },
      "devDependencies": {
        "@types/dom-mediacapture-record": "^1.0.5",
        "@types/dropzone": "^5.0.4"
      }
    },
    "packages/examples": {
      "name": "@shubox/examples",
      "version": "0.5.2",
      "license": "MIT",
      "dependencies": {
        "@shubox/core": "^0.5.1"
      }
    },
    "packages/tests": {
      "name": "@shubox/tests",
      "version": "0.5.2",
      "extraneous": true,
      "license": "MIT",
      "dependencies": {
        "@shubox/core": "^0.5.1"
      },
      "devDependencies": {
        "@types/chai": "^4.3.11",
        "@types/chai-dom": "^1.11.3",
        "@types/jsdom": "^21.1.6",
        "@types/mocha": "^10.0.6",
        "chai": "^5.0.3",
        "chai-dom": "^1.12.0",
        "cross-env": "^7.0.3",
        "jsdom": "^24.0.0",
        "jsdom-global": "^3.0.2",
        "mocha": "^10.2.0",
        "ts-node": "^10.9.2"
      }
    }
  }
}
